
Microsoft Visual Studio Solution File, Format Version 12.00
# Visual Studio 2012
Project("{2150E333-8FDC-42A3-9474-1A3956D46DE8}") = "Source", "Source", "{1CD84B5C-518F-4ADD-85E9-7017B2B8CA63}"
EndProject
Project("{2150E333-8FDC-42A3-9474-1A3956D46DE8}") = "Tests", "Tests", "{88F9C165-2965-422E-B286-7F1623F5594C}"
EndProject
Project("{2150E333-8FDC-42A3-9474-1A3956D46DE8}") = "Info", "Info", "{B589D0F7-012D-424C-A76F-9A4DBE0DDB85}"
	ProjectSection(SolutionItems) = preProject
		tickbox.web.ui\IoC\IoCModule.cs = tickbox.web.ui\IoC\IoCModule.cs
		Settings.StyleCop = Settings.StyleCop
	EndProjectSection
EndProject
Project("{2150E333-8FDC-42A3-9474-1A3956D46DE8}") = "Db", "Db", "{C79A7D99-774D-441E-A25D-F501617D13E1}"
EndProject
Project("{00D1A9C2-B5F0-4AF3-8072-F6C62B433612}") = "TickboxDatabase", "TickboxDatabase\TickboxDatabase.sqlproj", "{01228BA3-F2EA-4A3A-B52A-2E44FFAF194E}"
EndProject
Project("{FAE04EC0-301F-11D3-BF4B-00C04F79EFBC}") = "Tickbox.DatabaseApi", "Tickbox.DatabaseApi\Tickbox.DatabaseApi.csproj", "{129728DC-3DC1-47CD-AE8A-AD75A528DC24}"
EndProject
Project("{FAE04EC0-301F-11D3-BF4B-00C04F79EFBC}") = "Tickbox.Data", "Tickbox.Data\Tickbox.Data.csproj", "{DC30004E-3CA2-48AF-897C-2015EB69E3A5}"
EndProject
Project("{FAE04EC0-301F-11D3-BF4B-00C04F79EFBC}") = "Tickbox.Business", "Tickbox.Business\Tickbox.Business.csproj", "{E4AD25BA-5519-4ED5-956E-254BBBCF8115}"
EndProject
Project("{FAE04EC0-301F-11D3-BF4B-00C04F79EFBC}") = "Tickbox.Core", "Tickbox.Core\Tickbox.Core.csproj", "{33232AE7-A76D-4563-AF03-F3DBFD93D3E8}"
EndProject
Project("{FAE04EC0-301F-11D3-BF4B-00C04F79EFBC}") = "Tickbox.Web", "tickbox.web.ui\war\Tickbox.Web.csproj", "{4EEAB813-777F-4771-9654-1729AB151D80}"
	ProjectSection(ProjectDependencies) = postProject
		{05D1BA4B-DB60-4106-BA9B-1D773BBB5E7B} = {05D1BA4B-DB60-4106-BA9B-1D773BBB5E7B}
	EndProjectSection
EndProject
Project("{FAE04EC0-301F-11D3-BF4B-00C04F79EFBC}") = "Tool.GenerateJava", "Tool.GenerateJava\Tool.GenerateJava.csproj", "{05D1BA4B-DB60-4106-BA9B-1D773BBB5E7B}"
EndProject
Project("{2150E333-8FDC-42A3-9474-1A3956D46DE8}") = "Core", "Core", "{75854030-004A-4756-8773-B51C3E572A15}"
EndProject
Project("{2150E333-8FDC-42A3-9474-1A3956D46DE8}") = "Apps", "Apps", "{1C73B166-2F9A-4D44-9A33-76637A901F12}"
EndProject
Project("{FAE04EC0-301F-11D3-BF4B-00C04F79EFBC}") = "Tickbox.Web.Models", "Tickbox.Web.Models\Tickbox.Web.Models.csproj", "{A359F58A-E501-40F1-BD97-DD2875E80AC3}"
	ProjectSection(ProjectDependencies) = postProject
		{05D1BA4B-DB60-4106-BA9B-1D773BBB5E7B} = {05D1BA4B-DB60-4106-BA9B-1D773BBB5E7B}
	EndProjectSection
EndProject
Project("{2150E333-8FDC-42A3-9474-1A3956D46DE8}") = "TickboxUi", "TickboxUi", "{EFA2C863-94B6-4DF1-96D2-3BF97AA7978D}"
EndProject
Project("{2150E333-8FDC-42A3-9474-1A3956D46DE8}") = "Db", "Db", "{BE248310-6914-4E1A-8534-E5EC35C5F225}"
EndProject
Project("{FAE04EC0-301F-11D3-BF4B-00C04F79EFBC}") = "Tickbox.Core.Web", "Tickbox.Core.Web\Tickbox.Core.Web.csproj", "{282A5114-E31E-4DEE-9A5A-F8420DA830B2}"
EndProject
Project("{FAE04EC0-301F-11D3-BF4B-00C04F79EFBC}") = "Tickbox.SystemDatabase.Api", "Tickbox.SystemDatabase.Api\Tickbox.SystemDatabase.Api.csproj", "{40C2CF18-7F99-4824-9249-DB875DC7E45A}"
EndProject
Project("{2150E333-8FDC-42A3-9474-1A3956D46DE8}") = "Web", "Web", "{707DF806-4319-4805-8D12-3E131263A743}"
EndProject
Project("{2150E333-8FDC-42A3-9474-1A3956D46DE8}") = "PublicApis", "PublicApis", "{CCC551F2-1F20-49ED-9A62-AB87719FCB85}"
EndProject
Project("{2150E333-8FDC-42A3-9474-1A3956D46DE8}") = "InternalServices", "InternalServices", "{24281575-BD3A-4C36-963E-1CC37122AE1D}"
EndProject
Project("{2150E333-8FDC-42A3-9474-1A3956D46DE8}") = "Websites", "Websites", "{A54BB9A4-F02A-45C2-AFC4-5BCDFA642613}"
EndProject
Project("{2150E333-8FDC-42A3-9474-1A3956D46DE8}") = "UserService", "UserService", "{4AB3ADDB-D2A5-498F-8D07-4758A7F1A864}"
EndProject
Project("{FAE04EC0-301F-11D3-BF4B-00C04F79EFBC}") = "Tickbox.System.UserService", "Tickbox.System.UserService\Tickbox.System.UserService.csproj", "{689C84F4-7F98-4788-B13E-4584A2D09720}"
EndProject
Global
	GlobalSection(SolutionConfigurationPlatforms) = preSolution
		Debug|Any CPU = Debug|Any CPU
		Release|Any CPU = Release|Any CPU
	EndGlobalSection
	GlobalSection(ProjectConfigurationPlatforms) = postSolution
		{01228BA3-F2EA-4A3A-B52A-2E44FFAF194E}.Debug|Any CPU.ActiveCfg = Debug|Any CPU
		{01228BA3-F2EA-4A3A-B52A-2E44FFAF194E}.Debug|Any CPU.Build.0 = Debug|Any CPU
		{01228BA3-F2EA-4A3A-B52A-2E44FFAF194E}.Debug|Any CPU.Deploy.0 = Debug|Any CPU
		{01228BA3-F2EA-4A3A-B52A-2E44FFAF194E}.Release|Any CPU.ActiveCfg = Release|Any CPU
		{01228BA3-F2EA-4A3A-B52A-2E44FFAF194E}.Release|Any CPU.Build.0 = Release|Any CPU
		{01228BA3-F2EA-4A3A-B52A-2E44FFAF194E}.Release|Any CPU.Deploy.0 = Release|Any CPU
		{129728DC-3DC1-47CD-AE8A-AD75A528DC24}.Debug|Any CPU.ActiveCfg = Debug|Any CPU
		{129728DC-3DC1-47CD-AE8A-AD75A528DC24}.Debug|Any CPU.Build.0 = Debug|Any CPU
		{129728DC-3DC1-47CD-AE8A-AD75A528DC24}.Release|Any CPU.ActiveCfg = Release|Any CPU
		{129728DC-3DC1-47CD-AE8A-AD75A528DC24}.Release|Any CPU.Build.0 = Release|Any CPU
		{DC30004E-3CA2-48AF-897C-2015EB69E3A5}.Debug|Any CPU.ActiveCfg = Debug|Any CPU
		{DC30004E-3CA2-48AF-897C-2015EB69E3A5}.Debug|Any CPU.Build.0 = Debug|Any CPU
		{DC30004E-3CA2-48AF-897C-2015EB69E3A5}.Release|Any CPU.ActiveCfg = Release|Any CPU
		{DC30004E-3CA2-48AF-897C-2015EB69E3A5}.Release|Any CPU.Build.0 = Release|Any CPU
		{E4AD25BA-5519-4ED5-956E-254BBBCF8115}.Debug|Any CPU.ActiveCfg = Debug|Any CPU
		{E4AD25BA-5519-4ED5-956E-254BBBCF8115}.Debug|Any CPU.Build.0 = Debug|Any CPU
		{E4AD25BA-5519-4ED5-956E-254BBBCF8115}.Release|Any CPU.ActiveCfg = Release|Any CPU
		{E4AD25BA-5519-4ED5-956E-254BBBCF8115}.Release|Any CPU.Build.0 = Release|Any CPU
		{33232AE7-A76D-4563-AF03-F3DBFD93D3E8}.Debug|Any CPU.ActiveCfg = Debug|Any CPU
		{33232AE7-A76D-4563-AF03-F3DBFD93D3E8}.Debug|Any CPU.Build.0 = Debug|Any CPU
		{33232AE7-A76D-4563-AF03-F3DBFD93D3E8}.Release|Any CPU.ActiveCfg = Release|Any CPU
		{33232AE7-A76D-4563-AF03-F3DBFD93D3E8}.Release|Any CPU.Build.0 = Release|Any CPU
		{4EEAB813-777F-4771-9654-1729AB151D80}.Debug|Any CPU.ActiveCfg = Debug|Any CPU
		{4EEAB813-777F-4771-9654-1729AB151D80}.Debug|Any CPU.Build.0 = Debug|Any CPU
		{4EEAB813-777F-4771-9654-1729AB151D80}.Release|Any CPU.ActiveCfg = Release|Any CPU
		{4EEAB813-777F-4771-9654-1729AB151D80}.Release|Any CPU.Build.0 = Release|Any CPU
		{05D1BA4B-DB60-4106-BA9B-1D773BBB5E7B}.Debug|Any CPU.ActiveCfg = Debug|Any CPU
		{05D1BA4B-DB60-4106-BA9B-1D773BBB5E7B}.Debug|Any CPU.Build.0 = Debug|Any CPU
		{05D1BA4B-DB60-4106-BA9B-1D773BBB5E7B}.Release|Any CPU.ActiveCfg = Release|Any CPU
		{05D1BA4B-DB60-4106-BA9B-1D773BBB5E7B}.Release|Any CPU.Build.0 = Release|Any CPU
		{A359F58A-E501-40F1-BD97-DD2875E80AC3}.Debug|Any CPU.ActiveCfg = Debug|Any CPU
		{A359F58A-E501-40F1-BD97-DD2875E80AC3}.Debug|Any CPU.Build.0 = Debug|Any CPU
		{A359F58A-E501-40F1-BD97-DD2875E80AC3}.Release|Any CPU.ActiveCfg = Release|Any CPU
		{A359F58A-E501-40F1-BD97-DD2875E80AC3}.Release|Any CPU.Build.0 = Release|Any CPU
		{282A5114-E31E-4DEE-9A5A-F8420DA830B2}.Debug|Any CPU.ActiveCfg = Debug|Any CPU
		{282A5114-E31E-4DEE-9A5A-F8420DA830B2}.Debug|Any CPU.Build.0 = Debug|Any CPU
		{282A5114-E31E-4DEE-9A5A-F8420DA830B2}.Release|Any CPU.ActiveCfg = Release|Any CPU
		{282A5114-E31E-4DEE-9A5A-F8420DA830B2}.Release|Any CPU.Build.0 = Release|Any CPU
		{40C2CF18-7F99-4824-9249-DB875DC7E45A}.Debug|Any CPU.ActiveCfg = Debug|Any CPU
		{40C2CF18-7F99-4824-9249-DB875DC7E45A}.Debug|Any CPU.Build.0 = Debug|Any CPU
		{40C2CF18-7F99-4824-9249-DB875DC7E45A}.Release|Any CPU.ActiveCfg = Release|Any CPU
		{40C2CF18-7F99-4824-9249-DB875DC7E45A}.Release|Any CPU.Build.0 = Release|Any CPU
		{689C84F4-7F98-4788-B13E-4584A2D09720}.Debug|Any CPU.ActiveCfg = Debug|Any CPU
		{689C84F4-7F98-4788-B13E-4584A2D09720}.Debug|Any CPU.Build.0 = Debug|Any CPU
		{689C84F4-7F98-4788-B13E-4584A2D09720}.Release|Any CPU.ActiveCfg = Release|Any CPU
		{689C84F4-7F98-4788-B13E-4584A2D09720}.Release|Any CPU.Build.0 = Release|Any CPU
	EndGlobalSection
	GlobalSection(SolutionProperties) = preSolution
		HideSolutionNode = FALSE
	EndGlobalSection
	GlobalSection(NestedProjects) = preSolution
		{BE248310-6914-4E1A-8534-E5EC35C5F225} = {1CD84B5C-518F-4ADD-85E9-7017B2B8CA63}
		{75854030-004A-4756-8773-B51C3E572A15} = {1CD84B5C-518F-4ADD-85E9-7017B2B8CA63}
		{1C73B166-2F9A-4D44-9A33-76637A901F12} = {1CD84B5C-518F-4ADD-85E9-7017B2B8CA63}
		{88F9C165-2965-422E-B286-7F1623F5594C} = {1CD84B5C-518F-4ADD-85E9-7017B2B8CA63}
		{01228BA3-F2EA-4A3A-B52A-2E44FFAF194E} = {C79A7D99-774D-441E-A25D-F501617D13E1}
		{129728DC-3DC1-47CD-AE8A-AD75A528DC24} = {BE248310-6914-4E1A-8534-E5EC35C5F225}
		{E4AD25BA-5519-4ED5-956E-254BBBCF8115} = {75854030-004A-4756-8773-B51C3E572A15}
		{33232AE7-A76D-4563-AF03-F3DBFD93D3E8} = {75854030-004A-4756-8773-B51C3E572A15}
		{DC30004E-3CA2-48AF-897C-2015EB69E3A5} = {75854030-004A-4756-8773-B51C3E572A15}
		{EFA2C863-94B6-4DF1-96D2-3BF97AA7978D} = {A54BB9A4-F02A-45C2-AFC4-5BCDFA642613}
		{A359F58A-E501-40F1-BD97-DD2875E80AC3} = {EFA2C863-94B6-4DF1-96D2-3BF97AA7978D}
		{4EEAB813-777F-4771-9654-1729AB151D80} = {EFA2C863-94B6-4DF1-96D2-3BF97AA7978D}
		{282A5114-E31E-4DEE-9A5A-F8420DA830B2} = {75854030-004A-4756-8773-B51C3E572A15}
		{40C2CF18-7F99-4824-9249-DB875DC7E45A} = {BE248310-6914-4E1A-8534-E5EC35C5F225}
		{707DF806-4319-4805-8D12-3E131263A743} = {1C73B166-2F9A-4D44-9A33-76637A901F12}
		{CCC551F2-1F20-49ED-9A62-AB87719FCB85} = {707DF806-4319-4805-8D12-3E131263A743}
		{24281575-BD3A-4C36-963E-1CC37122AE1D} = {707DF806-4319-4805-8D12-3E131263A743}
		{A54BB9A4-F02A-45C2-AFC4-5BCDFA642613} = {707DF806-4319-4805-8D12-3E131263A743}
		{4AB3ADDB-D2A5-498F-8D07-4758A7F1A864} = {24281575-BD3A-4C36-963E-1CC37122AE1D}
		{689C84F4-7F98-4788-B13E-4584A2D09720} = {4AB3ADDB-D2A5-498F-8D07-4758A7F1A864}
	EndGlobalSection
EndGlobal
